
Microsoft Visual Studio Solution File, Format Version 12.00
# Visual Studio Version 17
VisualStudioVersion = 17.4.33213.308
MinimumVisualStudioVersion = 10.0.40219.1
Project("{FAE04EC0-301F-11D3-BF4B-00C04F79EFBC}") = "Application 8", "Application 8\Application 8.csproj", "{C4594C03-6992-4854-9B39-475A4A8819EB}"
EndProject
Global
	GlobalSection(SolutionConfigurationPlatforms) = preSolution
		Debug|Any CPU = Debug|Any CPU
		Release|Any CPU = Release|Any CPU
	EndGlobalSection
	GlobalSection(ProjectConfigurationPlatforms) = postSolution
		{C4594C03-6992-4854-9B39-475A4A8819EB}.Debug|Any CPU.ActiveCfg = Debug|Any CPU
		{C4594C03-6992-4854-9B39-475A4A8819EB}.Debug|Any CPU.Build.0 = Debug|Any CPU
		{C4594C03-6992-4854-9B39-475A4A8819EB}.Release|Any CPU.ActiveCfg = Release|Any CPU
		{C4594C03-6992-4854-9B39-475A4A8819EB}.Release|Any CPU.Build.0 = Release|Any CPU
	EndGlobalSection
	GlobalSection(SolutionProperties) = preSolution
		HideSolutionNode = FALSE
	EndGlobalSection
	GlobalSection(ExtensibilityGlobals) = postSolution
		SolutionGuid = {71FA751F-2249-43AF-B320-595AEF8D72E2}
	EndGlobalSection
EndGlobal
