
Microsoft Visual Studio Solution File, Format Version 12.00
# Visual Studio Version 17
VisualStudioVersion = 17.4.33213.308
MinimumVisualStudioVersion = 10.0.40219.1
Project("{FAE04EC0-301F-11D3-BF4B-00C04F79EFBC}") = "Application 10", "Application 10\Application 10.csproj", "{537EDCE3-B447-4CCD-B835-4BD77A5B9066}"
EndProject
Global
	GlobalSection(SolutionConfigurationPlatforms) = preSolution
		Debug|Any CPU = Debug|Any CPU
		Release|Any CPU = Release|Any CPU
	EndGlobalSection
	GlobalSection(ProjectConfigurationPlatforms) = postSolution
		{537EDCE3-B447-4CCD-B835-4BD77A5B9066}.Debug|Any CPU.ActiveCfg = Debug|Any CPU
		{537EDCE3-B447-4CCD-B835-4BD77A5B9066}.Debug|Any CPU.Build.0 = Debug|Any CPU
		{537EDCE3-B447-4CCD-B835-4BD77A5B9066}.Release|Any CPU.ActiveCfg = Release|Any CPU
		{537EDCE3-B447-4CCD-B835-4BD77A5B9066}.Release|Any CPU.Build.0 = Release|Any CPU
	EndGlobalSection
	GlobalSection(SolutionProperties) = preSolution
		HideSolutionNode = FALSE
	EndGlobalSection
	GlobalSection(ExtensibilityGlobals) = postSolution
		SolutionGuid = {313CCFAA-391A-4134-83E2-41002D006C14}
	EndGlobalSection
EndGlobal
