
Microsoft Visual Studio Solution File, Format Version 12.00
# Visual Studio Version 17
VisualStudioVersion = 17.4.33213.308
MinimumVisualStudioVersion = 10.0.40219.1
Project("{FAE04EC0-301F-11D3-BF4B-00C04F79EFBC}") = "Application 2", "Application 2\Application 2.csproj", "{7F760276-2D52-4B8C-9A2D-D0B567C304B9}"
EndProject
Global
	GlobalSection(SolutionConfigurationPlatforms) = preSolution
		Debug|Any CPU = Debug|Any CPU
		Release|Any CPU = Release|Any CPU
	EndGlobalSection
	GlobalSection(ProjectConfigurationPlatforms) = postSolution
		{7F760276-2D52-4B8C-9A2D-D0B567C304B9}.Debug|Any CPU.ActiveCfg = Debug|Any CPU
		{7F760276-2D52-4B8C-9A2D-D0B567C304B9}.Debug|Any CPU.Build.0 = Debug|Any CPU
		{7F760276-2D52-4B8C-9A2D-D0B567C304B9}.Release|Any CPU.ActiveCfg = Release|Any CPU
		{7F760276-2D52-4B8C-9A2D-D0B567C304B9}.Release|Any CPU.Build.0 = Release|Any CPU
	EndGlobalSection
	GlobalSection(SolutionProperties) = preSolution
		HideSolutionNode = FALSE
	EndGlobalSection
	GlobalSection(ExtensibilityGlobals) = postSolution
		SolutionGuid = {ECDB810D-6B18-4A6E-9378-6BFC509D6F1B}
	EndGlobalSection
EndGlobal
