
Microsoft Visual Studio Solution File, Format Version 12.00
# Visual Studio Version 17
VisualStudioVersion = 17.4.33213.308
MinimumVisualStudioVersion = 10.0.40219.1
Project("{FAE04EC0-301F-11D3-BF4B-00C04F79EFBC}") = "Application 6 - Simple calculator", "Application 6 - Simple calculator\Application 6 - Simple calculator.csproj", "{D4591F91-AA23-46BE-85D9-508C1143BE9F}"
EndProject
Global
	GlobalSection(SolutionConfigurationPlatforms) = preSolution
		Debug|Any CPU = Debug|Any CPU
		Release|Any CPU = Release|Any CPU
	EndGlobalSection
	GlobalSection(ProjectConfigurationPlatforms) = postSolution
		{D4591F91-AA23-46BE-85D9-508C1143BE9F}.Debug|Any CPU.ActiveCfg = Debug|Any CPU
		{D4591F91-AA23-46BE-85D9-508C1143BE9F}.Debug|Any CPU.Build.0 = Debug|Any CPU
		{D4591F91-AA23-46BE-85D9-508C1143BE9F}.Release|Any CPU.ActiveCfg = Release|Any CPU
		{D4591F91-AA23-46BE-85D9-508C1143BE9F}.Release|Any CPU.Build.0 = Release|Any CPU
	EndGlobalSection
	GlobalSection(SolutionProperties) = preSolution
		HideSolutionNode = FALSE
	EndGlobalSection
	GlobalSection(ExtensibilityGlobals) = postSolution
		SolutionGuid = {B2608E79-4801-4B19-B90C-FC981FDDD6C7}
	EndGlobalSection
EndGlobal
